
Microsoft Visual Studio Solution File, Format Version 12.00
# Visual Studio Version 17
VisualStudioVersion = 17.5.002.0
MinimumVisualStudioVersion = 10.0.40219.1
Project("{9A19103F-16F7-4668-BE54-9A1E7A4F7556}") = "FlyoutMenu", "FlyoutMenu.csproj", "{08EF944C-E0AB-4887-AB5E-039B94879016}"
EndProject
Global
	GlobalSection(SolutionConfigurationPlatforms) = preSolution
		Debug|Any CPU = Debug|Any CPU
		Release|Any CPU = Release|Any CPU
	EndGlobalSection
	GlobalSection(ProjectConfigurationPlatforms) = postSolution
		{08EF944C-E0AB-4887-AB5E-039B94879016}.Debug|Any CPU.ActiveCfg = Debug|Any CPU
		{08EF944C-E0AB-4887-AB5E-039B94879016}.Debug|Any CPU.Build.0 = Debug|Any CPU
		{08EF944C-E0AB-4887-AB5E-039B94879016}.Release|Any CPU.ActiveCfg = Release|Any CPU
		{08EF944C-E0AB-4887-AB5E-039B94879016}.Release|Any CPU.Build.0 = Release|Any CPU
	EndGlobalSection
	GlobalSection(SolutionProperties) = preSolution
		HideSolutionNode = FALSE
	EndGlobalSection
	GlobalSection(ExtensibilityGlobals) = postSolution
		SolutionGuid = {F6D8F72E-C0E9-474B-AEA3-0EE7066C8768}
	EndGlobalSection
EndGlobal
